
Microsoft Visual Studio Solution File, Format Version 12.00
# Visual Studio 2013
VisualStudioVersion = 12.0.31101.0
MinimumVisualStudioVersion = 10.0.40219.1
Project("{FAE04EC0-301F-11D3-BF4B-00C04F79EFBC}") = "UserInterface", "Forms\UserInterface.csproj", "{0D8C06CB-5E8E-4226-AA0E-029129AC4E67}"
	ProjectSection(ProjectDependencies) = postProject
		{4236589F-5E84-43E1-8A2F-77D2C64BD415} = {4236589F-5E84-43E1-8A2F-77D2C64BD415}
	EndProjectSection
EndProject
Project("{FAE04EC0-301F-11D3-BF4B-00C04F79EFBC}") = "Utilities", "Utilities\Utilities.csproj", "{4236589F-5E84-43E1-8A2F-77D2C64BD415}"
	ProjectSection(ProjectDependencies) = postProject
		{9D8EF7B2-EC9B-4D6F-8605-F7D776454840} = {9D8EF7B2-EC9B-4D6F-8605-F7D776454840}
	EndProjectSection
EndProject
Project("{FAE04EC0-301F-11D3-BF4B-00C04F79EFBC}") = "Objects", "Objects\Objects.csproj", "{9D8EF7B2-EC9B-4D6F-8605-F7D776454840}"
EndProject
Project("{FAE04EC0-301F-11D3-BF4B-00C04F79EFBC}") = "SchematicsDrawer", "SchematicsDrawer\SchematicsDrawer.csproj", "{98AFCA58-59B5-4314-A462-0280B2FEB513}"
EndProject
Global
	GlobalSection(SolutionConfigurationPlatforms) = preSolution
		Debug|Any CPU = Debug|Any CPU
		Release|Any CPU = Release|Any CPU
	EndGlobalSection
	GlobalSection(ProjectConfigurationPlatforms) = postSolution
		{0D8C06CB-5E8E-4226-AA0E-029129AC4E67}.Debug|Any CPU.ActiveCfg = Debug|Any CPU
		{0D8C06CB-5E8E-4226-AA0E-029129AC4E67}.Debug|Any CPU.Build.0 = Debug|Any CPU
		{0D8C06CB-5E8E-4226-AA0E-029129AC4E67}.Release|Any CPU.ActiveCfg = Release|Any CPU
		{0D8C06CB-5E8E-4226-AA0E-029129AC4E67}.Release|Any CPU.Build.0 = Release|Any CPU
		{4236589F-5E84-43E1-8A2F-77D2C64BD415}.Debug|Any CPU.ActiveCfg = Debug|Any CPU
		{4236589F-5E84-43E1-8A2F-77D2C64BD415}.Debug|Any CPU.Build.0 = Debug|Any CPU
		{4236589F-5E84-43E1-8A2F-77D2C64BD415}.Release|Any CPU.ActiveCfg = Release|Any CPU
		{4236589F-5E84-43E1-8A2F-77D2C64BD415}.Release|Any CPU.Build.0 = Release|Any CPU
		{9D8EF7B2-EC9B-4D6F-8605-F7D776454840}.Debug|Any CPU.ActiveCfg = Debug|Any CPU
		{9D8EF7B2-EC9B-4D6F-8605-F7D776454840}.Debug|Any CPU.Build.0 = Debug|Any CPU
		{9D8EF7B2-EC9B-4D6F-8605-F7D776454840}.Release|Any CPU.ActiveCfg = Release|Any CPU
		{9D8EF7B2-EC9B-4D6F-8605-F7D776454840}.Release|Any CPU.Build.0 = Release|Any CPU
		{98AFCA58-59B5-4314-A462-0280B2FEB513}.Debug|Any CPU.ActiveCfg = Debug|Any CPU
		{98AFCA58-59B5-4314-A462-0280B2FEB513}.Debug|Any CPU.Build.0 = Debug|Any CPU
		{98AFCA58-59B5-4314-A462-0280B2FEB513}.Release|Any CPU.ActiveCfg = Release|Any CPU
		{98AFCA58-59B5-4314-A462-0280B2FEB513}.Release|Any CPU.Build.0 = Release|Any CPU
	EndGlobalSection
	GlobalSection(SolutionProperties) = preSolution
		HideSolutionNode = FALSE
	EndGlobalSection
EndGlobal
